
Microsoft Visual Studio Solution File, Format Version 12.00
# Visual Studio Version 16
VisualStudioVersion = 16.0.30114.105
MinimumVisualStudioVersion = 10.0.40219.1
Project("{FAE04EC0-301F-11D3-BF4B-00C04F79EFBC}") = "API", "API\API.csproj", "{C500CF16-DDD3-46FC-90A8-51436D352ACB}"
EndProject
Project("{FAE04EC0-301F-11D3-BF4B-00C04F79EFBC}") = "Core", "Core\Core.csproj", "{B6BB9DB5-2E7A-406C-95CF-A9B0E6A37B4E}"
EndProject
Project("{FAE04EC0-301F-11D3-BF4B-00C04F79EFBC}") = "Infrastructure", "Infrastructure\Infrastructure.csproj", "{D76BD3F9-68DA-4071-BBC8-510E699CB5C4}"
EndProject
Global
	GlobalSection(SolutionConfigurationPlatforms) = preSolution
		Debug|Any CPU = Debug|Any CPU
		Release|Any CPU = Release|Any CPU
	EndGlobalSection
	GlobalSection(SolutionProperties) = preSolution
		HideSolutionNode = FALSE
	EndGlobalSection
	GlobalSection(ProjectConfigurationPlatforms) = postSolution
		{C500CF16-DDD3-46FC-90A8-51436D352ACB}.Debug|Any CPU.ActiveCfg = Debug|Any CPU
		{C500CF16-DDD3-46FC-90A8-51436D352ACB}.Debug|Any CPU.Build.0 = Debug|Any CPU
		{C500CF16-DDD3-46FC-90A8-51436D352ACB}.Release|Any CPU.ActiveCfg = Release|Any CPU
		{C500CF16-DDD3-46FC-90A8-51436D352ACB}.Release|Any CPU.Build.0 = Release|Any CPU
		{B6BB9DB5-2E7A-406C-95CF-A9B0E6A37B4E}.Debug|Any CPU.ActiveCfg = Debug|Any CPU
		{B6BB9DB5-2E7A-406C-95CF-A9B0E6A37B4E}.Debug|Any CPU.Build.0 = Debug|Any CPU
		{B6BB9DB5-2E7A-406C-95CF-A9B0E6A37B4E}.Release|Any CPU.ActiveCfg = Release|Any CPU
		{B6BB9DB5-2E7A-406C-95CF-A9B0E6A37B4E}.Release|Any CPU.Build.0 = Release|Any CPU
		{D76BD3F9-68DA-4071-BBC8-510E699CB5C4}.Debug|Any CPU.ActiveCfg = Debug|Any CPU
		{D76BD3F9-68DA-4071-BBC8-510E699CB5C4}.Debug|Any CPU.Build.0 = Debug|Any CPU
		{D76BD3F9-68DA-4071-BBC8-510E699CB5C4}.Release|Any CPU.ActiveCfg = Release|Any CPU
		{D76BD3F9-68DA-4071-BBC8-510E699CB5C4}.Release|Any CPU.Build.0 = Release|Any CPU
	EndGlobalSection
EndGlobal
